// !$*UTF8*$!
{
	archiveVersion = 1;
	classes = {
	};
	objectVersion = 46;
	objects = {

/* Begin PBXBuildFile section */
		6C25598B1BA2142A0005622E /* ASMainGroupCell.m in Sources */ = {isa = PBXBuildFile; fileRef = 6C25598A1BA2142A0005622E /* ASMainGroupCell.m */; };
		6C25598E1BA215AB0005622E /* ASSegmentPost.m in Sources */ = {isa = PBXBuildFile; fileRef = 6C25598D1BA215AB0005622E /* ASSegmentPost.m */; };
		6C2559911BA216D60005622E /* ASWallAttachmentCell.m in Sources */ = {isa = PBXBuildFile; fileRef = 6C2559901BA216D60005622E /* ASWallAttachmentCell.m */; };
		6C2559941BA216EB0005622E /* ASWallTextCell.m in Sources */ = {isa = PBXBuildFile; fileRef = 6C2559931BA216EB0005622E /* ASWallTextCell.m */; };
		6C2559971BA21DF30005622E /* ASMainUserCell.m in Sources */ = {isa = PBXBuildFile; fileRef = 6C2559961BA21DF30005622E /* ASMainUserCell.m */; };
		6C2AC5B91BA429B8006C0DE6 /* ASFriend.m in Sources */ = {isa = PBXBuildFile; fileRef = 6C2AC5B81BA429B8006C0DE6 /* ASFriend.m */; };
		6C2AC5BC1BA42A4E006C0DE6 /* ASWall.m in Sources */ = {isa = PBXBuildFile; fileRef = 6C2AC5BB1BA42A4E006C0DE6 /* ASWall.m */; };
		6C2AC5BF1BA42B27006C0DE6 /* ASFollower.m in Sources */ = {isa = PBXBuildFile; fileRef = 6C2AC5BE1BA42B27006C0DE6 /* ASFollower.m */; };
		6C2AC5C21BA42B4D006C0DE6 /* ASSubscription.m in Sources */ = {isa = PBXBuildFile; fileRef = 6C2AC5C11BA42B4D006C0DE6 /* ASSubscription.m */; };
		6C451E8C1BA61B8800A879C9 /* ASGroup.m in Sources */ = {isa = PBXBuildFile; fileRef = 6C451E8B1BA61B8800A879C9 /* ASGroup.m */; };
		6C4568431BA2DF3C000B380A /* ASUserDetailTVC.m in Sources */ = {isa = PBXBuildFile; fileRef = 6C4568421BA2DF3C000B380A /* ASUserDetailTVC.m */; };
		6C4568491BA2FF23000B380A /* ASLoginVC.m in Sources */ = {isa = PBXBuildFile; fileRef = 6C4568481BA2FF23000B380A /* ASLoginVC.m */; };
		6C45684D1BA33CC6000B380A /* ASAccessToken.m in Sources */ = {isa = PBXBuildFile; fileRef = 6C45684C1BA33CC6000B380A /* ASAccessToken.m */; };
		6C4568511BA33E09000B380A /* ASServerManager.m in Sources */ = {isa = PBXBuildFile; fileRef = 6C4568501BA33E09000B380A /* ASServerManager.m */; };
		6C4568541BA33ECE000B380A /* ASUser.m in Sources */ = {isa = PBXBuildFile; fileRef = 6C4568531BA33ECE000B380A /* ASUser.m */; };
		6C6A8F261BBD38680064AA3E /* ASImageViewGallery.m in Sources */ = {isa = PBXBuildFile; fileRef = 6C6A8F251BBD38680064AA3E /* ASImageViewGallery.m */; };
		6C6A8F2F1BBD425E0064AA3E /* MHFacebookImageViewer.m in Sources */ = {isa = PBXBuildFile; fileRef = 6C6A8F291BBD425E0064AA3E /* MHFacebookImageViewer.m */; };
		6C6A8F301BBD425F0064AA3E /* Done.png in Resources */ = {isa = PBXBuildFile; fileRef = 6C6A8F2B1BBD425E0064AA3E /* Done.png */; };
		6C6A8F311BBD425F0064AA3E /* Done@2x.png in Resources */ = {isa = PBXBuildFile; fileRef = 6C6A8F2C1BBD425E0064AA3E /* Done@2x.png */; };
		6C6A8F321BBD425F0064AA3E /* UIImageView+MHFacebookImageViewer.m in Sources */ = {isa = PBXBuildFile; fileRef = 6C6A8F2E1BBD425E0064AA3E /* UIImageView+MHFacebookImageViewer.m */; };
		6C7C9F4E1BACBCFE00D2228F /* ASPhoto.m in Sources */ = {isa = PBXBuildFile; fileRef = 6C7C9F4D1BACBCFE00D2228F /* ASPhoto.m */; };
		6C9671A91BA723D9006B2D59 /* ASInfoMemberFlowLayout.m in Sources */ = {isa = PBXBuildFile; fileRef = 6C9671A81BA723D9006B2D59 /* ASInfoMemberFlowLayout.m */; };
		6C9671AC1BA72407006B2D59 /* ASPhotosFlowLayout.m in Sources */ = {isa = PBXBuildFile; fileRef = 6C9671AB1BA72407006B2D59 /* ASPhotosFlowLayout.m */; };
		6C9671AF1BA74F64006B2D59 /* UIColor+HEX.m in Sources */ = {isa = PBXBuildFile; fileRef = 6C9671AE1BA74F64006B2D59 /* UIColor+HEX.m */; };
		6C9671B21BA75623006B2D59 /* ASGrayCell.m in Sources */ = {isa = PBXBuildFile; fileRef = 6C9671B11BA75623006B2D59 /* ASGrayCell.m */; };
		6C9B12001BA1572D00242620 /* main.m in Sources */ = {isa = PBXBuildFile; fileRef = 6C9B11FF1BA1572D00242620 /* main.m */; };
		6C9B12031BA1572D00242620 /* AppDelegate.m in Sources */ = {isa = PBXBuildFile; fileRef = 6C9B12021BA1572D00242620 /* AppDelegate.m */; };
		6C9B12091BA1572D00242620 /* Main.storyboard in Resources */ = {isa = PBXBuildFile; fileRef = 6C9B12071BA1572D00242620 /* Main.storyboard */; };
		6C9B120B1BA1572D00242620 /* Images.xcassets in Resources */ = {isa = PBXBuildFile; fileRef = 6C9B120A1BA1572D00242620 /* Images.xcassets */; };
		6C9B120E1BA1572D00242620 /* LaunchScreen.xib in Resources */ = {isa = PBXBuildFile; fileRef = 6C9B120C1BA1572D00242620 /* LaunchScreen.xib */; };
		6C9B121A1BA1572D00242620 /* HW_46_47Tests.m in Sources */ = {isa = PBXBuildFile; fileRef = 6C9B12191BA1572D00242620 /* HW_46_47Tests.m */; };
		6CB8A2BD1BB2C93400FB8D50 /* CVPhotoCell.xib in Resources */ = {isa = PBXBuildFile; fileRef = 6CB8A2BC1BB2C93400FB8D50 /* CVPhotoCell.xib */; };
		6CB8A2C01BB2CBA000FB8D50 /* ASCollectionPhotoCell.m in Sources */ = {isa = PBXBuildFile; fileRef = 6CB8A2BF1BB2CBA000FB8D50 /* ASCollectionPhotoCell.m */; };
		6CF725901BA224B6003F935B /* ASGroupTVC.m in Sources */ = {isa = PBXBuildFile; fileRef = 6CF7258F1BA224B6003F935B /* ASGroupTVC.m */; };
		6CF725941BA22804003F935B /* ASInfoMemberCollectionCell.m in Sources */ = {isa = PBXBuildFile; fileRef = 6CF725931BA22804003F935B /* ASInfoMemberCollectionCell.m */; };
		F40777EBAAFB296CF1E9751E /* libPods.a in Frameworks */ = {isa = PBXBuildFile; fileRef = 5531970FBAF8A94A6D75370A /* libPods.a */; };
/* End PBXBuildFile section */

/* Begin PBXContainerItemProxy section */
		6C9B12141BA1572D00242620 /* PBXContainerItemProxy */ = {
			isa = PBXContainerItemProxy;
			containerPortal = 6C9B11F21BA1572D00242620 /* Project object */;
			proxyType = 1;
			remoteGlobalIDString = 6C9B11F91BA1572D00242620;
			remoteInfo = HW_46_47;
		};
/* End PBXContainerItemProxy section */

/* Begin PBXFileReference section */
		2D6FADED61EB3906DD1FA9C4 /* Pods.release.xcconfig */ = {isa = PBXFileReference; includeInIndex = 1; lastKnownFileType = text.xcconfig; name = Pods.release.xcconfig; path = "Pods/Target Support Files/Pods/Pods.release.xcconfig"; sourceTree = "<group>"; };
		406B61C564B626D290BADD8B /* Pods.debug.xcconfig */ = {isa = PBXFileReference; includeInIndex = 1; lastKnownFileType = text.xcconfig; name = Pods.debug.xcconfig; path = "Pods/Target Support Files/Pods/Pods.debug.xcconfig"; sourceTree = "<group>"; };
		5531970FBAF8A94A6D75370A /* libPods.a */ = {isa = PBXFileReference; explicitFileType = archive.ar; includeInIndex = 0; path = libPods.a; sourceTree = BUILT_PRODUCTS_DIR; };
		6C2559891BA2142A0005622E /* ASMainGroupCell.h */ = {isa = PBXFileReference; fileEncoding = 4; lastKnownFileType = sourcecode.c.h; path = ASMainGroupCell.h; sourceTree = "<group>"; };
		6C25598A1BA2142A0005622E /* ASMainGroupCell.m */ = {isa = PBXFileReference; fileEncoding = 4; lastKnownFileType = sourcecode.c.objc; path = ASMainGroupCell.m; sourceTree = "<group>"; };
		6C25598C1BA215AB0005622E /* ASSegmentPost.h */ = {isa = PBXFileReference; fileEncoding = 4; lastKnownFileType = sourcecode.c.h; path = ASSegmentPost.h; sourceTree = "<group>"; };
		6C25598D1BA215AB0005622E /* ASSegmentPost.m */ = {isa = PBXFileReference; fileEncoding = 4; lastKnownFileType = sourcecode.c.objc; path = ASSegmentPost.m; sourceTree = "<group>"; };
		6C25598F1BA216D60005622E /* ASWallAttachmentCell.h */ = {isa = PBXFileReference; fileEncoding = 4; lastKnownFileType = sourcecode.c.h; path = ASWallAttachmentCell.h; sourceTree = "<group>"; };
		6C2559901BA216D60005622E /* ASWallAttachmentCell.m */ = {isa = PBXFileReference; fileEncoding = 4; lastKnownFileType = sourcecode.c.objc; path = ASWallAttachmentCell.m; sourceTree = "<group>"; };
		6C2559921BA216EB0005622E /* ASWallTextCell.h */ = {isa = PBXFileReference; fileEncoding = 4; lastKnownFileType = sourcecode.c.h; path = ASWallTextCell.h; sourceTree = "<group>"; };
		6C2559931BA216EB0005622E /* ASWallTextCell.m */ = {isa = PBXFileReference; fileEncoding = 4; lastKnownFileType = sourcecode.c.objc; path = ASWallTextCell.m; sourceTree = "<group>"; };
		6C2559951BA21DF30005622E /* ASMainUserCell.h */ = {isa = PBXFileReference; fileEncoding = 4; lastKnownFileType = sourcecode.c.h; path = ASMainUserCell.h; sourceTree = "<group>"; };
		6C2559961BA21DF30005622E /* ASMainUserCell.m */ = {isa = PBXFileReference; fileEncoding = 4; lastKnownFileType = sourcecode.c.objc; path = ASMainUserCell.m; sourceTree = "<group>"; };
		6C2AC5B71BA429B8006C0DE6 /* ASFriend.h */ = {isa = PBXFileReference; fileEncoding = 4; lastKnownFileType = sourcecode.c.h; path = ASFriend.h; sourceTree = "<group>"; };
		6C2AC5B81BA429B8006C0DE6 /* ASFriend.m */ = {isa = PBXFileReference; fileEncoding = 4; lastKnownFileType = sourcecode.c.objc; path = ASFriend.m; sourceTree = "<group>"; };
		6C2AC5BA1BA42A4E006C0DE6 /* ASWall.h */ = {isa = PBXFileReference; fileEncoding = 4; lastKnownFileType = sourcecode.c.h; path = ASWall.h; sourceTree = "<group>"; };
		6C2AC5BB1BA42A4E006C0DE6 /* ASWall.m */ = {isa = PBXFileReference; fileEncoding = 4; lastKnownFileType = sourcecode.c.objc; path = ASWall.m; sourceTree = "<group>"; };
		6C2AC5BD1BA42B27006C0DE6 /* ASFollower.h */ = {isa = PBXFileReference; fileEncoding = 4; lastKnownFileType = sourcecode.c.h; path = ASFollower.h; sourceTree = "<group>"; };
		6C2AC5BE1BA42B27006C0DE6 /* ASFollower.m */ = {isa = PBXFileReference; fileEncoding = 4; lastKnownFileType = sourcecode.c.objc; path = ASFollower.m; sourceTree = "<group>"; };
		6C2AC5C01BA42B4D006C0DE6 /* ASSubscription.h */ = {isa = PBXFileReference; fileEncoding = 4; lastKnownFileType = sourcecode.c.h; path = ASSubscription.h; sourceTree = "<group>"; };
		6C2AC5C11BA42B4D006C0DE6 /* ASSubscription.m */ = {isa = PBXFileReference; fileEncoding = 4; lastKnownFileType = sourcecode.c.objc; path = ASSubscription.m; sourceTree = "<group>"; };
		6C451E8A1BA61B8800A879C9 /* ASGroup.h */ = {isa = PBXFileReference; fileEncoding = 4; lastKnownFileType = sourcecode.c.h; path = ASGroup.h; sourceTree = "<group>"; };
		6C451E8B1BA61B8800A879C9 /* ASGroup.m */ = {isa = PBXFileReference; fileEncoding = 4; lastKnownFileType = sourcecode.c.objc; path = ASGroup.m; sourceTree = "<group>"; };
		6C4568411BA2DF3C000B380A /* ASUserDetailTVC.h */ = {isa = PBXFileReference; fileEncoding = 4; lastKnownFileType = sourcecode.c.h; path = ASUserDetailTVC.h; sourceTree = "<group>"; };
		6C4568421BA2DF3C000B380A /* ASUserDetailTVC.m */ = {isa = PBXFileReference; fileEncoding = 4; lastKnownFileType = sourcecode.c.objc; path = ASUserDetailTVC.m; sourceTree = "<group>"; };
		6C4568471BA2FF23000B380A /* ASLoginVC.h */ = {isa = PBXFileReference; fileEncoding = 4; lastKnownFileType = sourcecode.c.h; path = ASLoginVC.h; sourceTree = "<group>"; };
		6C4568481BA2FF23000B380A /* ASLoginVC.m */ = {isa = PBXFileReference; fileEncoding = 4; lastKnownFileType = sourcecode.c.objc; path = ASLoginVC.m; sourceTree = "<group>"; };
		6C45684B1BA33CC6000B380A /* ASAccessToken.h */ = {isa = PBXFileReference; fileEncoding = 4; lastKnownFileType = sourcecode.c.h; path = ASAccessToken.h; sourceTree = "<group>"; };
		6C45684C1BA33CC6000B380A /* ASAccessToken.m */ = {isa = PBXFileReference; fileEncoding = 4; lastKnownFileType = sourcecode.c.objc; path = ASAccessToken.m; sourceTree = "<group>"; };
		6C45684F1BA33E09000B380A /* ASServerManager.h */ = {isa = PBXFileReference; fileEncoding = 4; lastKnownFileType = sourcecode.c.h; path = ASServerManager.h; sourceTree = "<group>"; };
		6C4568501BA33E09000B380A /* ASServerManager.m */ = {isa = PBXFileReference; fileEncoding = 4; lastKnownFileType = sourcecode.c.objc; path = ASServerManager.m; sourceTree = "<group>"; };
		6C4568521BA33ECE000B380A /* ASUser.h */ = {isa = PBXFileReference; fileEncoding = 4; lastKnownFileType = sourcecode.c.h; path = ASUser.h; sourceTree = "<group>"; };
		6C4568531BA33ECE000B380A /* ASUser.m */ = {isa = PBXFileReference; fileEncoding = 4; lastKnownFileType = sourcecode.c.objc; path = ASUser.m; sourceTree = "<group>"; };
		6C6A8F241BBD38680064AA3E /* ASImageViewGallery.h */ = {isa = PBXFileReference; fileEncoding = 4; lastKnownFileType = sourcecode.c.h; path = ASImageViewGallery.h; sourceTree = "<group>"; };
		6C6A8F251BBD38680064AA3E /* ASImageViewGallery.m */ = {isa = PBXFileReference; fileEncoding = 4; lastKnownFileType = sourcecode.c.objc; path = ASImageViewGallery.m; sourceTree = "<group>"; };
		6C6A8F281BBD425E0064AA3E /* MHFacebookImageViewer.h */ = {isa = PBXFileReference; fileEncoding = 4; lastKnownFileType = sourcecode.c.h; path = MHFacebookImageViewer.h; sourceTree = "<group>"; };
		6C6A8F291BBD425E0064AA3E /* MHFacebookImageViewer.m */ = {isa = PBXFileReference; fileEncoding = 4; lastKnownFileType = sourcecode.c.objc; path = MHFacebookImageViewer.m; sourceTree = "<group>"; };
		6C6A8F2B1BBD425E0064AA3E /* Done.png */ = {isa = PBXFileReference; lastKnownFileType = image.png; path = Done.png; sourceTree = "<group>"; };
		6C6A8F2C1BBD425E0064AA3E /* Done@2x.png */ = {isa = PBXFileReference; lastKnownFileType = image.png; path = "Done@2x.png"; sourceTree = "<group>"; };
		6C6A8F2D1BBD425E0064AA3E /* UIImageView+MHFacebookImageViewer.h */ = {isa = PBXFileReference; fileEncoding = 4; lastKnownFileType = sourcecode.c.h; path = "UIImageView+MHFacebookImageViewer.h"; sourceTree = "<group>"; };
		6C6A8F2E1BBD425E0064AA3E /* UIImageView+MHFacebookImageViewer.m */ = {isa = PBXFileReference; fileEncoding = 4; lastKnownFileType = sourcecode.c.objc; path = "UIImageView+MHFacebookImageViewer.m"; sourceTree = "<group>"; };
		6C7C9F4C1BACBCFE00D2228F /* ASPhoto.h */ = {isa = PBXFileReference; fileEncoding = 4; lastKnownFileType = sourcecode.c.h; path = ASPhoto.h; sourceTree = "<group>"; };
		6C7C9F4D1BACBCFE00D2228F /* ASPhoto.m */ = {isa = PBXFileReference; fileEncoding = 4; lastKnownFileType = sourcecode.c.objc; path = ASPhoto.m; sourceTree = "<group>"; };
		6C9671A71BA723D9006B2D59 /* ASInfoMemberFlowLayout.h */ = {isa = PBXFileReference; fileEncoding = 4; lastKnownFileType = sourcecode.c.h; path = ASInfoMemberFlowLayout.h; sourceTree = "<group>"; };
		6C9671A81BA723D9006B2D59 /* ASInfoMemberFlowLayout.m */ = {isa = PBXFileReference; fileEncoding = 4; lastKnownFileType = sourcecode.c.objc; path = ASInfoMemberFlowLayout.m; sourceTree = "<group>"; };
		6C9671AA1BA72407006B2D59 /* ASPhotosFlowLayout.h */ = {isa = PBXFileReference; fileEncoding = 4; lastKnownFileType = sourcecode.c.h; path = ASPhotosFlowLayout.h; sourceTree = "<group>"; };
		6C9671AB1BA72407006B2D59 /* ASPhotosFlowLayout.m */ = {isa = PBXFileReference; fileEncoding = 4; lastKnownFileType = sourcecode.c.objc; path = ASPhotosFlowLayout.m; sourceTree = "<group>"; };
		6C9671AD1BA74F64006B2D59 /* UIColor+HEX.h */ = {isa = PBXFileReference; fileEncoding = 4; lastKnownFileType = sourcecode.c.h; path = "UIColor+HEX.h"; sourceTree = "<group>"; };
		6C9671AE1BA74F64006B2D59 /* UIColor+HEX.m */ = {isa = PBXFileReference; fileEncoding = 4; lastKnownFileType = sourcecode.c.objc; path = "UIColor+HEX.m"; sourceTree = "<group>"; };
		6C9671B01BA75623006B2D59 /* ASGrayCell.h */ = {isa = PBXFileReference; fileEncoding = 4; lastKnownFileType = sourcecode.c.h; path = ASGrayCell.h; sourceTree = "<group>"; };
		6C9671B11BA75623006B2D59 /* ASGrayCell.m */ = {isa = PBXFileReference; fileEncoding = 4; lastKnownFileType = sourcecode.c.objc; path = ASGrayCell.m; sourceTree = "<group>"; };
		6C9B11FA1BA1572D00242620 /* HW_46_47.app */ = {isa = PBXFileReference; explicitFileType = wrapper.application; includeInIndex = 0; path = HW_46_47.app; sourceTree = BUILT_PRODUCTS_DIR; };
		6C9B11FE1BA1572D00242620 /* Info.plist */ = {isa = PBXFileReference; lastKnownFileType = text.plist.xml; path = Info.plist; sourceTree = "<group>"; };
		6C9B11FF1BA1572D00242620 /* main.m */ = {isa = PBXFileReference; lastKnownFileType = sourcecode.c.objc; path = main.m; sourceTree = "<group>"; };
		6C9B12011BA1572D00242620 /* AppDelegate.h */ = {isa = PBXFileReference; lastKnownFileType = sourcecode.c.h; path = AppDelegate.h; sourceTree = "<group>"; };
		6C9B12021BA1572D00242620 /* AppDelegate.m */ = {isa = PBXFileReference; lastKnownFileType = sourcecode.c.objc; path = AppDelegate.m; sourceTree = "<group>"; };
		6C9B12081BA1572D00242620 /* Base */ = {isa = PBXFileReference; lastKnownFileType = file.storyboard; name = Base; path = Base.lproj/Main.storyboard; sourceTree = "<group>"; };
		6C9B120A1BA1572D00242620 /* Images.xcassets */ = {isa = PBXFileReference; lastKnownFileType = folder.assetcatalog; path = Images.xcassets; sourceTree = "<group>"; };
		6C9B120D1BA1572D00242620 /* Base */ = {isa = PBXFileReference; lastKnownFileType = file.xib; name = Base; path = Base.lproj/LaunchScreen.xib; sourceTree = "<group>"; };
		6C9B12131BA1572D00242620 /* HW_46_47Tests.xctest */ = {isa = PBXFileReference; explicitFileType = wrapper.cfbundle; includeInIndex = 0; path = HW_46_47Tests.xctest; sourceTree = BUILT_PRODUCTS_DIR; };
		6C9B12181BA1572D00242620 /* Info.plist */ = {isa = PBXFileReference; lastKnownFileType = text.plist.xml; path = Info.plist; sourceTree = "<group>"; };
		6C9B12191BA1572D00242620 /* HW_46_47Tests.m */ = {isa = PBXFileReference; lastKnownFileType = sourcecode.c.objc; path = HW_46_47Tests.m; sourceTree = "<group>"; };
		6CB8A2BC1BB2C93400FB8D50 /* CVPhotoCell.xib */ = {isa = PBXFileReference; fileEncoding = 4; lastKnownFileType = file.xib; path = CVPhotoCell.xib; sourceTree = "<group>"; };
		6CB8A2BE1BB2CBA000FB8D50 /* ASCollectionPhotoCell.h */ = {isa = PBXFileReference; fileEncoding = 4; lastKnownFileType = sourcecode.c.h; path = ASCollectionPhotoCell.h; sourceTree = "<group>"; };
		6CB8A2BF1BB2CBA000FB8D50 /* ASCollectionPhotoCell.m */ = {isa = PBXFileReference; fileEncoding = 4; lastKnownFileType = sourcecode.c.objc; path = ASCollectionPhotoCell.m; sourceTree = "<group>"; };
		6CF7258E1BA224B6003F935B /* ASGroupTVC.h */ = {isa = PBXFileReference; fileEncoding = 4; lastKnownFileType = sourcecode.c.h; path = ASGroupTVC.h; sourceTree = "<group>"; };
		6CF7258F1BA224B6003F935B /* ASGroupTVC.m */ = {isa = PBXFileReference; fileEncoding = 4; lastKnownFileType = sourcecode.c.objc; path = ASGroupTVC.m; sourceTree = "<group>"; };
		6CF725921BA22804003F935B /* ASInfoMemberCollectionCell.h */ = {isa = PBXFileReference; fileEncoding = 4; lastKnownFileType = sourcecode.c.h; path = ASInfoMemberCollectionCell.h; sourceTree = "<group>"; };
		6CF725931BA22804003F935B /* ASInfoMemberCollectionCell.m */ = {isa = PBXFileReference; fileEncoding = 4; lastKnownFileType = sourcecode.c.objc; path = ASInfoMemberCollectionCell.m; sourceTree = "<group>"; };
/* End PBXFileReference section */

/* Begin PBXFrameworksBuildPhase section */
		6C9B11F71BA1572D00242620 /* Frameworks */ = {
			isa = PBXFrameworksBuildPhase;
			buildActionMask = 2147483647;
			files = (
				F40777EBAAFB296CF1E9751E /* libPods.a in Frameworks */,
			);
			runOnlyForDeploymentPostprocessing = 0;
		};
		6C9B12101BA1572D00242620 /* Frameworks */ = {
			isa = PBXFrameworksBuildPhase;
			buildActionMask = 2147483647;
			files = (
			);
			runOnlyForDeploymentPostprocessing = 0;
		};
/* End PBXFrameworksBuildPhase section */

/* Begin PBXGroup section */
		11F02FFEFA1E0803A644EB39 /* Pods */ = {
			isa = PBXGroup;
			children = (
				406B61C564B626D290BADD8B /* Pods.debug.xcconfig */,
				2D6FADED61EB3906DD1FA9C4 /* Pods.release.xcconfig */,
			);
			name = Pods;
			sourceTree = "<group>";
		};
		6C2559881BA213400005622E /* Cell */ = {
			isa = PBXGroup;
			children = (
				6C2559891BA2142A0005622E /* ASMainGroupCell.h */,
				6C25598A1BA2142A0005622E /* ASMainGroupCell.m */,
				6C25598C1BA215AB0005622E /* ASSegmentPost.h */,
				6C25598D1BA215AB0005622E /* ASSegmentPost.m */,
				6C25598F1BA216D60005622E /* ASWallAttachmentCell.h */,
				6C2559901BA216D60005622E /* ASWallAttachmentCell.m */,
				6C2559921BA216EB0005622E /* ASWallTextCell.h */,
				6C2559931BA216EB0005622E /* ASWallTextCell.m */,
				6C2559951BA21DF30005622E /* ASMainUserCell.h */,
				6C2559961BA21DF30005622E /* ASMainUserCell.m */,
				6C9671B01BA75623006B2D59 /* ASGrayCell.h */,
				6C9671B11BA75623006B2D59 /* ASGrayCell.m */,
			);
			name = Cell;
			sourceTree = "<group>";
		};
		6C4568401BA2DECF000B380A /* View Controllers */ = {
			isa = PBXGroup;
			children = (
				6C4568471BA2FF23000B380A /* ASLoginVC.h */,
				6C4568481BA2FF23000B380A /* ASLoginVC.m */,
				6CF7258E1BA224B6003F935B /* ASGroupTVC.h */,
				6CF7258F1BA224B6003F935B /* ASGroupTVC.m */,
				6C4568411BA2DF3C000B380A /* ASUserDetailTVC.h */,
				6C4568421BA2DF3C000B380A /* ASUserDetailTVC.m */,
				6C6A8F241BBD38680064AA3E /* ASImageViewGallery.h */,
				6C6A8F251BBD38680064AA3E /* ASImageViewGallery.m */,
			);
			name = "View Controllers";
			sourceTree = "<group>";
		};
		6C45684A1BA33774000B380A /* Model */ = {
			isa = PBXGroup;
			children = (
				6C4568521BA33ECE000B380A /* ASUser.h */,
				6C4568531BA33ECE000B380A /* ASUser.m */,
				6C2AC5B71BA429B8006C0DE6 /* ASFriend.h */,
				6C2AC5B81BA429B8006C0DE6 /* ASFriend.m */,
				6C2AC5BA1BA42A4E006C0DE6 /* ASWall.h */,
				6C2AC5BB1BA42A4E006C0DE6 /* ASWall.m */,
				6C451E8A1BA61B8800A879C9 /* ASGroup.h */,
				6C451E8B1BA61B8800A879C9 /* ASGroup.m */,
				6C2AC5BD1BA42B27006C0DE6 /* ASFollower.h */,
				6C2AC5BE1BA42B27006C0DE6 /* ASFollower.m */,
				6C2AC5C01BA42B4D006C0DE6 /* ASSubscription.h */,
				6C2AC5C11BA42B4D006C0DE6 /* ASSubscription.m */,
			);
			name = Model;
			sourceTree = "<group>";
		};
		6C45684E1BA33D4E000B380A /* Server */ = {
			isa = PBXGroup;
			children = (
				6C45684F1BA33E09000B380A /* ASServerManager.h */,
				6C4568501BA33E09000B380A /* ASServerManager.m */,
			);
			name = Server;
			sourceTree = "<group>";
		};
		6C6A8F271BBD425E0064AA3E /* MHFBImageViewController */ = {
			isa = PBXGroup;
			children = (
				6C6A8F281BBD425E0064AA3E /* MHFacebookImageViewer.h */,
				6C6A8F291BBD425E0064AA3E /* MHFacebookImageViewer.m */,
				6C6A8F2A1BBD425E0064AA3E /* Resources */,
				6C6A8F2D1BBD425E0064AA3E /* UIImageView+MHFacebookImageViewer.h */,
				6C6A8F2E1BBD425E0064AA3E /* UIImageView+MHFacebookImageViewer.m */,
			);
			path = MHFBImageViewController;
			sourceTree = "<group>";
		};
		6C6A8F2A1BBD425E0064AA3E /* Resources */ = {
			isa = PBXGroup;
			children = (
				6C6A8F2B1BBD425E0064AA3E /* Done.png */,
				6C6A8F2C1BBD425E0064AA3E /* Done@2x.png */,
			);
			path = Resources;
			sourceTree = "<group>";
		};
		6C7C9F4B1BACBCCA00D2228F /* Primitive Model */ = {
			isa = PBXGroup;
			children = (
				6C7C9F4C1BACBCFE00D2228F /* ASPhoto.h */,
				6C7C9F4D1BACBCFE00D2228F /* ASPhoto.m */,
			);
			name = "Primitive Model";
			sourceTree = "<group>";
		};
		6C9B11F11BA1572D00242620 = {
			isa = PBXGroup;
			children = (
				6C9B11FC1BA1572D00242620 /* HW_46_47 */,
				6C9B12161BA1572D00242620 /* HW_46_47Tests */,
				6C9B11FB1BA1572D00242620 /* Products */,
				11F02FFEFA1E0803A644EB39 /* Pods */,
				BFF42B4C00FB36466ADB7625 /* Frameworks */,
			);
			sourceTree = "<group>";
		};
		6C9B11FB1BA1572D00242620 /* Products */ = {
			isa = PBXGroup;
			children = (
				6C9B11FA1BA1572D00242620 /* HW_46_47.app */,
				6C9B12131BA1572D00242620 /* HW_46_47Tests.xctest */,
			);
			name = Products;
			sourceTree = "<group>";
		};
		6C9B11FC1BA1572D00242620 /* HW_46_47 */ = {
			isa = PBXGroup;
			children = (
				6C45684B1BA33CC6000B380A /* ASAccessToken.h */,
				6C45684C1BA33CC6000B380A /* ASAccessToken.m */,
				6C45684E1BA33D4E000B380A /* Server */,
				6C4568401BA2DECF000B380A /* View Controllers */,
				6C7C9F4B1BACBCCA00D2228F /* Primitive Model */,
				6C45684A1BA33774000B380A /* Model */,
				6CF725911BA227AC003F935B /* CollectionView Cell */,
				6C2559881BA213400005622E /* Cell */,
				6C9B12071BA1572D00242620 /* Main.storyboard */,
				6CB8A2BC1BB2C93400FB8D50 /* CVPhotoCell.xib */,
				6C9B120A1BA1572D00242620 /* Images.xcassets */,
				6C9671AD1BA74F64006B2D59 /* UIColor+HEX.h */,
				6C9671AE1BA74F64006B2D59 /* UIColor+HEX.m */,
				6C6A8F271BBD425E0064AA3E /* MHFBImageViewController */,
				6C9B11FD1BA1572D00242620 /* Supporting Files */,
			);
			path = HW_46_47;
			sourceTree = "<group>";
		};
		6C9B11FD1BA1572D00242620 /* Supporting Files */ = {
			isa = PBXGroup;
			children = (
				6C9B12011BA1572D00242620 /* AppDelegate.h */,
				6C9B12021BA1572D00242620 /* AppDelegate.m */,
				6C9B120C1BA1572D00242620 /* LaunchScreen.xib */,
				6C9B11FE1BA1572D00242620 /* Info.plist */,
				6C9B11FF1BA1572D00242620 /* main.m */,
			);
			name = "Supporting Files";
			sourceTree = "<group>";
		};
		6C9B12161BA1572D00242620 /* HW_46_47Tests */ = {
			isa = PBXGroup;
			children = (
				6C9B12191BA1572D00242620 /* HW_46_47Tests.m */,
				6C9B12171BA1572D00242620 /* Supporting Files */,
			);
			path = HW_46_47Tests;
			sourceTree = "<group>";
		};
		6C9B12171BA1572D00242620 /* Supporting Files */ = {
			isa = PBXGroup;
			children = (
				6C9B12181BA1572D00242620 /* Info.plist */,
			);
			name = "Supporting Files";
			sourceTree = "<group>";
		};
		6CF725911BA227AC003F935B /* CollectionView Cell */ = {
			isa = PBXGroup;
			children = (
				6CF725921BA22804003F935B /* ASInfoMemberCollectionCell.h */,
				6CF725931BA22804003F935B /* ASInfoMemberCollectionCell.m */,
				6C9671A71BA723D9006B2D59 /* ASInfoMemberFlowLayout.h */,
				6C9671A81BA723D9006B2D59 /* ASInfoMemberFlowLayout.m */,
				6CB8A2BE1BB2CBA000FB8D50 /* ASCollectionPhotoCell.h */,
				6CB8A2BF1BB2CBA000FB8D50 /* ASCollectionPhotoCell.m */,
				6C9671AA1BA72407006B2D59 /* ASPhotosFlowLayout.h */,
				6C9671AB1BA72407006B2D59 /* ASPhotosFlowLayout.m */,
			);
			name = "CollectionView Cell";
			sourceTree = "<group>";
		};
		BFF42B4C00FB36466ADB7625 /* Frameworks */ = {
			isa = PBXGroup;
			children = (
				5531970FBAF8A94A6D75370A /* libPods.a */,
			);
			name = Frameworks;
			sourceTree = "<group>";
		};
/* End PBXGroup section */

/* Begin PBXNativeTarget section */
		6C9B11F91BA1572D00242620 /* HW_46_47 */ = {
			isa = PBXNativeTarget;
			buildConfigurationList = 6C9B121D1BA1572D00242620 /* Build configuration list for PBXNativeTarget "HW_46_47" */;
			buildPhases = (
				FC2C22559479EC9393395959 /* Check Pods Manifest.lock */,
				6C9B11F61BA1572D00242620 /* Sources */,
				6C9B11F71BA1572D00242620 /* Frameworks */,
				6C9B11F81BA1572D00242620 /* Resources */,
				9C85768D26C041F0C083C80C /* Copy Pods Resources */,
			);
			buildRules = (
			);
			dependencies = (
			);
			name = HW_46_47;
			productName = HW_46_47;
			productReference = 6C9B11FA1BA1572D00242620 /* HW_46_47.app */;
			productType = "com.apple.product-type.application";
		};
		6C9B12121BA1572D00242620 /* HW_46_47Tests */ = {
			isa = PBXNativeTarget;
			buildConfigurationList = 6C9B12201BA1572D00242620 /* Build configuration list for PBXNativeTarget "HW_46_47Tests" */;
			buildPhases = (
				6C9B120F1BA1572D00242620 /* Sources */,
				6C9B12101BA1572D00242620 /* Frameworks */,
				6C9B12111BA1572D00242620 /* Resources */,
			);
			buildRules = (
			);
			dependencies = (
				6C9B12151BA1572D00242620 /* PBXTargetDependency */,
			);
			name = HW_46_47Tests;
			productName = HW_46_47Tests;
			productReference = 6C9B12131BA1572D00242620 /* HW_46_47Tests.xctest */;
			productType = "com.apple.product-type.bundle.unit-test";
		};
/* End PBXNativeTarget section */

/* Begin PBXProject section */
		6C9B11F21BA1572D00242620 /* Project object */ = {
			isa = PBXProject;
			attributes = {
				LastUpgradeCheck = 0640;
				ORGANIZATIONNAME = MD;
				TargetAttributes = {
					6C9B11F91BA1572D00242620 = {
						CreatedOnToolsVersion = 6.4;
					};
					6C9B12121BA1572D00242620 = {
						CreatedOnToolsVersion = 6.4;
						TestTargetID = 6C9B11F91BA1572D00242620;
					};
				};
			};
			buildConfigurationList = 6C9B11F51BA1572D00242620 /* Build configuration list for PBXProject "HW_46_47" */;
			compatibilityVersion = "Xcode 3.2";
			developmentRegion = English;
			hasScannedForEncodings = 0;
			knownRegions = (
				en,
				Base,
			);
			mainGroup = 6C9B11F11BA1572D00242620;
			productRefGroup = 6C9B11FB1BA1572D00242620 /* Products */;
			projectDirPath = "";
			projectRoot = "";
			targets = (
				6C9B11F91BA1572D00242620 /* HW_46_47 */,
				6C9B12121BA1572D00242620 /* HW_46_47Tests */,
			);
		};
/* End PBXProject section */

/* Begin PBXResourcesBuildPhase section */
		6C9B11F81BA1572D00242620 /* Resources */ = {
			isa = PBXResourcesBuildPhase;
			buildActionMask = 2147483647;
			files = (
				6C6A8F311BBD425F0064AA3E /* Done@2x.png in Resources */,
				6C9B12091BA1572D00242620 /* Main.storyboard in Resources */,
				6C9B120E1BA1572D00242620 /* LaunchScreen.xib in Resources */,
				6C6A8F301BBD425F0064AA3E /* Done.png in Resources */,
				6C9B120B1BA1572D00242620 /* Images.xcassets in Resources */,
				6CB8A2BD1BB2C93400FB8D50 /* CVPhotoCell.xib in Resources */,
			);
			runOnlyForDeploymentPostprocessing = 0;
		};
		6C9B12111BA1572D00242620 /* Resources */ = {
			isa = PBXResourcesBuildPhase;
			buildActionMask = 2147483647;
			files = (
			);
			runOnlyForDeploymentPostprocessing = 0;
		};
/* End PBXResourcesBuildPhase section */

/* Begin PBXShellScriptBuildPhase section */
		9C85768D26C041F0C083C80C /* Copy Pods Resources */ = {
			isa = PBXShellScriptBuildPhase;
			buildActionMask = 2147483647;
			files = (
			);
			inputPaths = (
			);
			name = "Copy Pods Resources";
			outputPaths = (
			);
			runOnlyForDeploymentPostprocessing = 0;
			shellPath = /bin/sh;
			shellScript = "\"${SRCROOT}/Pods/Target Support Files/Pods/Pods-resources.sh\"\n";
			showEnvVarsInLog = 0;
		};
		FC2C22559479EC9393395959 /* Check Pods Manifest.lock */ = {
			isa = PBXShellScriptBuildPhase;
			buildActionMask = 2147483647;
			files = (
			);
			inputPaths = (
			);
			name = "Check Pods Manifest.lock";
			outputPaths = (
			);
			runOnlyForDeploymentPostprocessing = 0;
			shellPath = /bin/sh;
			shellScript = "diff \"${PODS_ROOT}/../Podfile.lock\" \"${PODS_ROOT}/Manifest.lock\" > /dev/null\nif [[ $? != 0 ]] ; then\n    cat << EOM\nerror: The sandbox is not in sync with the Podfile.lock. Run 'pod install' or update your CocoaPods installation.\nEOM\n    exit 1\nfi\n";
			showEnvVarsInLog = 0;
		};
/* End PBXShellScriptBuildPhase section */

/* Begin PBXSourcesBuildPhase section */
		6C9B11F61BA1572D00242620 /* Sources */ = {
			isa = PBXSourcesBuildPhase;
			buildActionMask = 2147483647;
			files = (
				6C2AC5BF1BA42B27006C0DE6 /* ASFollower.m in Sources */,
				6C45684D1BA33CC6000B380A /* ASAccessToken.m in Sources */,
				6C4568511BA33E09000B380A /* ASServerManager.m in Sources */,
				6C9671AF1BA74F64006B2D59 /* UIColor+HEX.m in Sources */,
				6CF725901BA224B6003F935B /* ASGroupTVC.m in Sources */,
				6C9671B21BA75623006B2D59 /* ASGrayCell.m in Sources */,
				6C2AC5B91BA429B8006C0DE6 /* ASFriend.m in Sources */,
				6C7C9F4E1BACBCFE00D2228F /* ASPhoto.m in Sources */,
				6C9B12031BA1572D00242620 /* AppDelegate.m in Sources */,
				6C2559911BA216D60005622E /* ASWallAttachmentCell.m in Sources */,
				6C6A8F321BBD425F0064AA3E /* UIImageView+MHFacebookImageViewer.m in Sources */,
				6C451E8C1BA61B8800A879C9 /* ASGroup.m in Sources */,
				6C9671A91BA723D9006B2D59 /* ASInfoMemberFlowLayout.m in Sources */,
				6CF725941BA22804003F935B /* ASInfoMemberCollectionCell.m in Sources */,
				6C2AC5C21BA42B4D006C0DE6 /* ASSubscription.m in Sources */,
				6C9671AC1BA72407006B2D59 /* ASPhotosFlowLayout.m in Sources */,
				6C4568541BA33ECE000B380A /* ASUser.m in Sources */,
				6C2559971BA21DF30005622E /* ASMainUserCell.m in Sources */,
				6C6A8F2F1BBD425E0064AA3E /* MHFacebookImageViewer.m in Sources */,
				6C4568491BA2FF23000B380A /* ASLoginVC.m in Sources */,
				6C2559941BA216EB0005622E /* ASWallTextCell.m in Sources */,
				6C25598B1BA2142A0005622E /* ASMainGroupCell.m in Sources */,
				6C6A8F261BBD38680064AA3E /* ASImageViewGallery.m in Sources */,
				6C9B12001BA1572D00242620 /* main.m in Sources */,
				6CB8A2C01BB2CBA000FB8D50 /* ASCollectionPhotoCell.m in Sources */,
				6C25598E1BA215AB0005622E /* ASSegmentPost.m in Sources */,
				6C2AC5BC1BA42A4E006C0DE6 /* ASWall.m in Sources */,
				6C4568431BA2DF3C000B380A /* ASUserDetailTVC.m in Sources */,
			);
			runOnlyForDeploymentPostprocessing = 0;
		};
		6C9B120F1BA1572D00242620 /* Sources */ = {
			isa = PBXSourcesBuildPhase;
			buildActionMask = 2147483647;
			files = (
				6C9B121A1BA1572D00242620 /* HW_46_47Tests.m in Sources */,
			);
			runOnlyForDeploymentPostprocessing = 0;
		};
/* End PBXSourcesBuildPhase section */

/* Begin PBXTargetDependency section */
		6C9B12151BA1572D00242620 /* PBXTargetDependency */ = {
			isa = PBXTargetDependency;
			target = 6C9B11F91BA1572D00242620 /* HW_46_47 */;
			targetProxy = 6C9B12141BA1572D00242620 /* PBXContainerItemProxy */;
		};
/* End PBXTargetDependency section */

/* Begin PBXVariantGroup section */
		6C9B12071BA1572D00242620 /* Main.storyboard */ = {
			isa = PBXVariantGroup;
			children = (
				6C9B12081BA1572D00242620 /* Base */,
			);
			name = Main.storyboard;
			sourceTree = "<group>";
		};
		6C9B120C1BA1572D00242620 /* LaunchScreen.xib */ = {
			isa = PBXVariantGroup;
			children = (
				6C9B120D1BA1572D00242620 /* Base */,
			);
			name = LaunchScreen.xib;
			sourceTree = "<group>";
		};
/* End PBXVariantGroup section */

/* Begin XCBuildConfiguration section */
		6C9B121B1BA1572D00242620 /* Debug */ = {
			isa = XCBuildConfiguration;
			buildSettings = {
				ALWAYS_SEARCH_USER_PATHS = NO;
				CLANG_CXX_LANGUAGE_STANDARD = "gnu++0x";
				CLANG_CXX_LIBRARY = "libc++";
				CLANG_ENABLE_MODULES = YES;
				CLANG_ENABLE_OBJC_ARC = YES;
				CLANG_WARN_BOOL_CONVERSION = YES;
				CLANG_WARN_CONSTANT_CONVERSION = YES;
				CLANG_WARN_DIRECT_OBJC_ISA_USAGE = YES_ERROR;
				CLANG_WARN_EMPTY_BODY = YES;
				CLANG_WARN_ENUM_CONVERSION = YES;
				CLANG_WARN_INT_CONVERSION = YES;
				CLANG_WARN_OBJC_ROOT_CLASS = YES_ERROR;
				CLANG_WARN_UNREACHABLE_CODE = YES;
				CLANG_WARN__DUPLICATE_METHOD_MATCH = YES;
				"CODE_SIGN_IDENTITY[sdk=iphoneos*]" = "iPhone Developer";
				COPY_PHASE_STRIP = NO;
				DEBUG_INFORMATION_FORMAT = "dwarf-with-dsym";
				ENABLE_STRICT_OBJC_MSGSEND = YES;
				GCC_C_LANGUAGE_STANDARD = gnu99;
				GCC_DYNAMIC_NO_PIC = NO;
				GCC_NO_COMMON_BLOCKS = YES;
				GCC_OPTIMIZATION_LEVEL = 0;
				GCC_PREPROCESSOR_DEFINITIONS = (
					"DEBUG=1",
					"$(inherited)",
				);
				GCC_SYMBOLS_PRIVATE_EXTERN = NO;
				GCC_WARN_64_TO_32_BIT_CONVERSION = YES;
				GCC_WARN_ABOUT_RETURN_TYPE = YES_ERROR;
				GCC_WARN_UNDECLARED_SELECTOR = YES;
				GCC_WARN_UNINITIALIZED_AUTOS = YES_AGGRESSIVE;
				GCC_WARN_UNUSED_FUNCTION = YES;
				GCC_WARN_UNUSED_VARIABLE = YES;
				IPHONEOS_DEPLOYMENT_TARGET = 8.4;
				MTL_ENABLE_DEBUG_INFO = YES;
				ONLY_ACTIVE_ARCH = YES;
				SDKROOT = iphoneos;
				TARGETED_DEVICE_FAMILY = "1,2";
			};
			name = Debug;
		};
		6C9B121C1BA1572D00242620 /* Release */ = {
			isa = XCBuildConfiguration;
			buildSettings = {
				ALWAYS_SEARCH_USER_PATHS = NO;
				CLANG_CXX_LANGUAGE_STANDARD = "gnu++0x";
				CLANG_CXX_LIBRARY = "libc++";
				CLANG_ENABLE_MODULES = YES;
				CLANG_ENABLE_OBJC_ARC = YES;
				CLANG_WARN_BOOL_CONVERSION = YES;
				CLANG_WARN_CONSTANT_CONVERSION = YES;
				CLANG_WARN_DIRECT_OBJC_ISA_USAGE = YES_ERROR;
				CLANG_WARN_EMPTY_BODY = YES;
				CLANG_WARN_ENUM_CONVERSION = YES;
				CLANG_WARN_INT_CONVERSION = YES;
				CLANG_WARN_OBJC_ROOT_CLASS = YES_ERROR;
				CLANG_WARN_UNREACHABLE_CODE = YES;
				CLANG_WARN__DUPLICATE_METHOD_MATCH = YES;
				"CODE_SIGN_IDENTITY[sdk=iphoneos*]" = "iPhone Developer";
				COPY_PHASE_STRIP = NO;
				DEBUG_INFORMATION_FORMAT = "dwarf-with-dsym";
				ENABLE_NS_ASSERTIONS = NO;
				ENABLE_STRICT_OBJC_MSGSEND = YES;
				GCC_C_LANGUAGE_STANDARD = gnu99;
				GCC_NO_COMMON_BLOCKS = YES;
				GCC_WARN_64_TO_32_BIT_CONVERSION = YES;
				GCC_WARN_ABOUT_RETURN_TYPE = YES_ERROR;
				GCC_WARN_UNDECLARED_SELECTOR = YES;
				GCC_WARN_UNINITIALIZED_AUTOS = YES_AGGRESSIVE;
				GCC_WARN_UNUSED_FUNCTION = YES;
				GCC_WARN_UNUSED_VARIABLE = YES;
				IPHONEOS_DEPLOYMENT_TARGET = 8.4;
				MTL_ENABLE_DEBUG_INFO = NO;
				SDKROOT = iphoneos;
				TARGETED_DEVICE_FAMILY = "1,2";
				VALIDATE_PRODUCT = YES;
			};
			name = Release;
		};
		6C9B121E1BA1572D00242620 /* Debug */ = {
			isa = XCBuildConfiguration;
			baseConfigurationReference = 406B61C564B626D290BADD8B /* Pods.debug.xcconfig */;
			buildSettings = {
				ASSETCATALOG_COMPILER_APPICON_NAME = AppIcon;
				INFOPLIST_FILE = HW_46_47/Info.plist;
				IPHONEOS_DEPLOYMENT_TARGET = 8.0;
				LD_RUNPATH_SEARCH_PATHS = "$(inherited) @executable_path/Frameworks";
				PRODUCT_NAME = "$(TARGET_NAME)";
			};
			name = Debug;
		};
		6C9B121F1BA1572D00242620 /* Release */ = {
			isa = XCBuildConfiguration;
			baseConfigurationReference = 2D6FADED61EB3906DD1FA9C4 /* Pods.release.xcconfig */;
			buildSettings = {
				ASSETCATALOG_COMPILER_APPICON_NAME = AppIcon;
				INFOPLIST_FILE = HW_46_47/Info.plist;
				IPHONEOS_DEPLOYMENT_TARGET = 8.0;
				LD_RUNPATH_SEARCH_PATHS = "$(inherited) @executable_path/Frameworks";
				PRODUCT_NAME = "$(TARGET_NAME)";
			};
			name = Release;
		};
		6C9B12211BA1572D00242620 /* Debug */ = {
			isa = XCBuildConfiguration;
			buildSettings = {
				BUNDLE_LOADER = "$(TEST_HOST)";
				FRAMEWORK_SEARCH_PATHS = (
					"$(SDKROOT)/Developer/Library/Frameworks",
					"$(inherited)",
				);
				GCC_PREPROCESSOR_DEFINITIONS = (
					"DEBUG=1",
					"$(inherited)",
				);
				INFOPLIST_FILE = HW_46_47Tests/Info.plist;
				LD_RUNPATH_SEARCH_PATHS = "$(inherited) @executable_path/Frameworks @loader_path/Frameworks";
				PRODUCT_NAME = "$(TARGET_NAME)";
				TEST_HOST = "$(BUILT_PRODUCTS_DIR)/HW_46_47.app/HW_46_47";
			};
			name = Debug;
		};
		6C9B12221BA1572D00242620 /* Release */ = {
			isa = XCBuildConfiguration;
			buildSettings = {
				BUNDLE_LOADER = "$(TEST_HOST)";
				FRAMEWORK_SEARCH_PATHS = (
					"$(SDKROOT)/Developer/Library/Frameworks",
					"$(inherited)",
				);
				INFOPLIST_FILE = HW_46_47Tests/Info.plist;
				LD_RUNPATH_SEARCH_PATHS = "$(inherited) @executable_path/Frameworks @loader_path/Frameworks";
				PRODUCT_NAME = "$(TARGET_NAME)";
				TEST_HOST = "$(BUILT_PRODUCTS_DIR)/HW_46_47.app/HW_46_47";
			};
			name = Release;
		};
/* End XCBuildConfiguration section */

/* Begin XCConfigurationList section */
		6C9B11F51BA1572D00242620 /* Build configuration list for PBXProject "HW_46_47" */ = {
			isa = XCConfigurationList;
			buildConfigurations = (
				6C9B121B1BA1572D00242620 /* Debug */,
				6C9B121C1BA1572D00242620 /* Release */,
			);
			defaultConfigurationIsVisible = 0;
			defaultConfigurationName = Release;
		};
		6C9B121D1BA1572D00242620 /* Build configuration list for PBXNativeTarget "HW_46_47" */ = {
			isa = XCConfigurationList;
			buildConfigurations = (
				6C9B121E1BA1572D00242620 /* Debug */,
				6C9B121F1BA1572D00242620 /* Release */,
			);
			defaultConfigurationIsVisible = 0;
			defaultConfigurationName = Release;
		};
		6C9B12201BA1572D00242620 /* Build configuration list for PBXNativeTarget "HW_46_47Tests" */ = {
			isa = XCConfigurationList;
			buildConfigurations = (
				6C9B12211BA1572D00242620 /* Debug */,
				6C9B12221BA1572D00242620 /* Release */,
			);
			defaultConfigurationIsVisible = 0;
			defaultConfigurationName = Release;
		};
/* End XCConfigurationList section */
	};
	rootObject = 6C9B11F21BA1572D00242620 /* Project object */;
}
